
Microsoft Visual Studio Solution File, Format Version 12.00
# Visual Studio 14
VisualStudioVersion = 14.0.25420.1
MinimumVisualStudioVersion = 10.0.40219.1
Project("{2150E333-8FDC-42A3-9474-1A3956D46DE8}") = "src", "src", "{7D74AEA1-49AA-4D5A-BFFC-A34AA8704D7C}"
EndProject
Project("{2150E333-8FDC-42A3-9474-1A3956D46DE8}") = "Solution Items", "Solution Items", "{95F5EE15-16BC-4B8A-9AEB-8837ECC31F24}"
	ProjectSection(SolutionItems) = preProject
		global.json = global.json
	EndProjectSection
EndProject
Project("{8BB2217D-0F2D-49D1-97BC-3654ED321F3B}") = "EvaluationWebApplication", "src\EvaluationWebApplication\EvaluationWebApplication.xproj", "{DC86C6BA-E133-444B-80C6-0DA432A323E3}"
EndProject
Global
	GlobalSection(SolutionConfigurationPlatforms) = preSolution
		Debug|Any CPU = Debug|Any CPU
		Release|Any CPU = Release|Any CPU
	EndGlobalSection
	GlobalSection(ProjectConfigurationPlatforms) = postSolution
		{DC86C6BA-E133-444B-80C6-0DA432A323E3}.Debug|Any CPU.ActiveCfg = Debug|Any CPU
		{DC86C6BA-E133-444B-80C6-0DA432A323E3}.Debug|Any CPU.Build.0 = Debug|Any CPU
		{DC86C6BA-E133-444B-80C6-0DA432A323E3}.Release|Any CPU.ActiveCfg = Release|Any CPU
		{DC86C6BA-E133-444B-80C6-0DA432A323E3}.Release|Any CPU.Build.0 = Release|Any CPU
	EndGlobalSection
	GlobalSection(SolutionProperties) = preSolution
		HideSolutionNode = FALSE
	EndGlobalSection
	GlobalSection(NestedProjects) = preSolution
		{DC86C6BA-E133-444B-80C6-0DA432A323E3} = {7D74AEA1-49AA-4D5A-BFFC-A34AA8704D7C}
	EndGlobalSection
EndGlobal
